
Microsoft Visual Studio Solution File, Format Version 12.00
# Visual Studio Version 17
VisualStudioVersion = 17.1.32210.238
MinimumVisualStudioVersion = 10.0.40219.1
Project("{FAE04EC0-301F-11D3-BF4B-00C04F79EFBC}") = "SysAnd - Fix Mobile v1.2", "SysAnd - Fix Mobile v1.2\SysAnd - Fix Mobile v1.2.csproj", "{DD76E306-25A7-4748-9FBE-F64F68019119}"
EndProject
Global
	GlobalSection(SolutionConfigurationPlatforms) = preSolution
		Debug|Any CPU = Debug|Any CPU
		Release|Any CPU = Release|Any CPU
	EndGlobalSection
	GlobalSection(ProjectConfigurationPlatforms) = postSolution
		{DD76E306-25A7-4748-9FBE-F64F68019119}.Debug|Any CPU.ActiveCfg = Debug|Any CPU
		{DD76E306-25A7-4748-9FBE-F64F68019119}.Debug|Any CPU.Build.0 = Debug|Any CPU
		{DD76E306-25A7-4748-9FBE-F64F68019119}.Release|Any CPU.ActiveCfg = Release|Any CPU
		{DD76E306-25A7-4748-9FBE-F64F68019119}.Release|Any CPU.Build.0 = Release|Any CPU
	EndGlobalSection
	GlobalSection(SolutionProperties) = preSolution
		HideSolutionNode = FALSE
	EndGlobalSection
	GlobalSection(ExtensibilityGlobals) = postSolution
		SolutionGuid = {1743A131-F539-48EC-B39E-273FA74FC216}
	EndGlobalSection
EndGlobal
